
Microsoft Visual Studio Solution File, Format Version 12.00
# Visual Studio Version 16
VisualStudioVersion = 16.0.29613.14
MinimumVisualStudioVersion = 10.0.40219.1
Project("{FAE04EC0-301F-11D3-BF4B-00C04F79EFBC}") = "MVCD_Client", "MVCD_Client\MVCD_Client.csproj", "{F7979FC5-C0F4-424C-B023-EC7525D5E103}"
EndProject
Global
	GlobalSection(SolutionConfigurationPlatforms) = preSolution
		Debug|Any CPU = Debug|Any CPU
		Release|Any CPU = Release|Any CPU
	EndGlobalSection
	GlobalSection(ProjectConfigurationPlatforms) = postSolution
		{F7979FC5-C0F4-424C-B023-EC7525D5E103}.Debug|Any CPU.ActiveCfg = Debug|Any CPU
		{F7979FC5-C0F4-424C-B023-EC7525D5E103}.Debug|Any CPU.Build.0 = Debug|Any CPU
		{F7979FC5-C0F4-424C-B023-EC7525D5E103}.Release|Any CPU.ActiveCfg = Release|Any CPU
		{F7979FC5-C0F4-424C-B023-EC7525D5E103}.Release|Any CPU.Build.0 = Release|Any CPU
	EndGlobalSection
	GlobalSection(SolutionProperties) = preSolution
		HideSolutionNode = FALSE
	EndGlobalSection
	GlobalSection(ExtensibilityGlobals) = postSolution
		SolutionGuid = {48BBF7C7-642E-4066-BF19-7AA59C8540A9}
	EndGlobalSection
EndGlobal
